
Microsoft Visual Studio Solution File, Format Version 12.00
# Visual Studio 14
VisualStudioVersion = 14.0.24720.0
MinimumVisualStudioVersion = 10.0.40219.1
Project("{2150E333-8FDC-42A3-9474-1A3956D46DE8}") = "src", "src", "{0F8E9490-C607-414C-93F3-DA0432AD5529}"
EndProject
Project("{2150E333-8FDC-42A3-9474-1A3956D46DE8}") = "Solution Items", "Solution Items", "{5A5935BA-6B20-4208-A9B0-9CB75C7AAF04}"
	ProjectSection(SolutionItems) = preProject
		global.json = global.json
	EndProjectSection
EndProject
Project("{8BB2217D-0F2D-49D1-97BC-3654ED321F3B}") = "AFAS.Web", "AFAS.Web\AFAS.Web.xproj", "{BBEC1E36-C9E7-41F8-BB36-10E92090ACF8}"
EndProject
Project("{FAE04EC0-301F-11D3-BF4B-00C04F79EFBC}") = "AFAS.Services", "AFAS.Services\AFAS.Services.csproj", "{E00FD1D1-D1D9-4019-8077-3B32BA399530}"
EndProject
Project("{FAE04EC0-301F-11D3-BF4B-00C04F79EFBC}") = "AFAS.Models", "AFAS.Models\AFAS.Models.csproj", "{6AC21ADD-8642-48E2-9C38-87DBC5353852}"
EndProject
Project("{FAE04EC0-301F-11D3-BF4B-00C04F79EFBC}") = "EFX.Core", "EFX.Core\EFX.Core.csproj", "{A3DD849C-4333-4411-8395-5C825B4D2D08}"
EndProject
Global
	GlobalSection(SolutionConfigurationPlatforms) = preSolution
		Debug|Any CPU = Debug|Any CPU
		Release|Any CPU = Release|Any CPU
	EndGlobalSection
	GlobalSection(ProjectConfigurationPlatforms) = postSolution
		{BBEC1E36-C9E7-41F8-BB36-10E92090ACF8}.Debug|Any CPU.ActiveCfg = Debug|Any CPU
		{BBEC1E36-C9E7-41F8-BB36-10E92090ACF8}.Debug|Any CPU.Build.0 = Debug|Any CPU
		{BBEC1E36-C9E7-41F8-BB36-10E92090ACF8}.Release|Any CPU.ActiveCfg = Release|Any CPU
		{BBEC1E36-C9E7-41F8-BB36-10E92090ACF8}.Release|Any CPU.Build.0 = Release|Any CPU
		{E00FD1D1-D1D9-4019-8077-3B32BA399530}.Debug|Any CPU.ActiveCfg = Debug|Any CPU
		{E00FD1D1-D1D9-4019-8077-3B32BA399530}.Debug|Any CPU.Build.0 = Debug|Any CPU
		{E00FD1D1-D1D9-4019-8077-3B32BA399530}.Release|Any CPU.ActiveCfg = Release|Any CPU
		{E00FD1D1-D1D9-4019-8077-3B32BA399530}.Release|Any CPU.Build.0 = Release|Any CPU
		{6AC21ADD-8642-48E2-9C38-87DBC5353852}.Debug|Any CPU.ActiveCfg = Debug|Any CPU
		{6AC21ADD-8642-48E2-9C38-87DBC5353852}.Debug|Any CPU.Build.0 = Debug|Any CPU
		{6AC21ADD-8642-48E2-9C38-87DBC5353852}.Release|Any CPU.ActiveCfg = Release|Any CPU
		{6AC21ADD-8642-48E2-9C38-87DBC5353852}.Release|Any CPU.Build.0 = Release|Any CPU
		{A3DD849C-4333-4411-8395-5C825B4D2D08}.Debug|Any CPU.ActiveCfg = Debug|Any CPU
		{A3DD849C-4333-4411-8395-5C825B4D2D08}.Debug|Any CPU.Build.0 = Debug|Any CPU
		{A3DD849C-4333-4411-8395-5C825B4D2D08}.Release|Any CPU.ActiveCfg = Release|Any CPU
		{A3DD849C-4333-4411-8395-5C825B4D2D08}.Release|Any CPU.Build.0 = Release|Any CPU
	EndGlobalSection
	GlobalSection(SolutionProperties) = preSolution
		HideSolutionNode = FALSE
	EndGlobalSection
	GlobalSection(NestedProjects) = preSolution
		{BBEC1E36-C9E7-41F8-BB36-10E92090ACF8} = {0F8E9490-C607-414C-93F3-DA0432AD5529}
	EndGlobalSection
EndGlobal
